/home/ivy/.config/mango
/home/ivy/.config/qt6ct
/home/ivy/.config/starship.toml
/home/ivy/.config/foot
/home/ivy/.zshrc
/home/ivy/.config/kitty
/home/ivy/.config/quickshell
/home/ivy/.config/niri
/home/ivy/.local/share/PrismLauncher/themes
/home/ivy/.config/qt5ct
/home/ivy/.config/fastfetch
/home/ivy/.config/systemd/user/quickshell.service
/home/ivy/.config/ivylink
/home/ivy/.config/gtk-3.0
/home/ivy/.config/gtk-4.0
/home/ivy/.local/share/color-schemes
/home/ivy/.local/share/icons/poisonivy
/home/ivy/.vscode-oss/extensions/ivyella.ivy-theme-1.0.0
/home/ivy/.config/ivyshell